// !$*UTF8*$!
{
	archiveVersion = 1;
	classes = {
	};
	objectVersion = 46;
	objects = {

/* Begin PBXBuildFile section */
		673AEB0B1EE00C78006B8FF8 /* SGExtensions.swift in Sources */ = {isa = PBXBuildFile; fileRef = 673AEB0A1EE00C78006B8FF8 /* SGExtensions.swift */; };
		6757E7081EDC102200B7B58A /* AppDelegate.swift in Sources */ = {isa = PBXBuildFile; fileRef = 6757E7071EDC102200B7B58A /* AppDelegate.swift */; };
		6757E70C1EDC102200B7B58A /* Assets.xcassets in Resources */ = {isa = PBXBuildFile; fileRef = 6757E70B1EDC102200B7B58A /* Assets.xcassets */; };
		6757E70F1EDC102200B7B58A /* Main.storyboard in Resources */ = {isa = PBXBuildFile; fileRef = 6757E70D1EDC102200B7B58A /* Main.storyboard */; };
		67C2B1261EDFCC810012289F /* SGMenuNoteViewController.xib in Resources */ = {isa = PBXBuildFile; fileRef = 67C2B1241EDFCC810012289F /* SGMenuNoteViewController.xib */; };
		67C2B1271EDFCC810012289F /* SGMenuNoteViewController.swift in Sources */ = {isa = PBXBuildFile; fileRef = 67C2B1251EDFCC810012289F /* SGMenuNoteViewController.swift */; };
		67C2B12F1EDFCC9D0012289F /* WAYTheDarkSide.m in Sources */ = {isa = PBXBuildFile; fileRef = 67C2B12B1EDFCC9D0012289F /* WAYTheDarkSide.m */; };
		67C2B1301EDFCC9D0012289F /* JFHotkeyManager.m in Sources */ = {isa = PBXBuildFile; fileRef = 67C2B12E1EDFCC9D0012289F /* JFHotkeyManager.m */; };
/* End PBXBuildFile section */

/* Begin PBXFileReference section */
		673AEB0A1EE00C78006B8FF8 /* SGExtensions.swift */ = {isa = PBXFileReference; fileEncoding = 4; lastKnownFileType = sourcecode.swift; path = SGExtensions.swift; sourceTree = "<group>"; };
		6757E7041EDC102200B7B58A /* SGMenuNote.app */ = {isa = PBXFileReference; explicitFileType = wrapper.application; includeInIndex = 0; path = SGMenuNote.app; sourceTree = BUILT_PRODUCTS_DIR; };
		6757E7071EDC102200B7B58A /* AppDelegate.swift */ = {isa = PBXFileReference; lastKnownFileType = sourcecode.swift; path = AppDelegate.swift; sourceTree = "<group>"; };
		6757E70B1EDC102200B7B58A /* Assets.xcassets */ = {isa = PBXFileReference; lastKnownFileType = folder.assetcatalog; path = Assets.xcassets; sourceTree = "<group>"; };
		6757E70E1EDC102200B7B58A /* Base */ = {isa = PBXFileReference; lastKnownFileType = file.storyboard; name = Base; path = Base.lproj/Main.storyboard; sourceTree = "<group>"; };
		6757E7101EDC102200B7B58A /* Info.plist */ = {isa = PBXFileReference; lastKnownFileType = text.plist.xml; path = Info.plist; sourceTree = "<group>"; };
		677954051EDE8089008C7C30 /* SGMenuNote-Bridging-Header.h */ = {isa = PBXFileReference; lastKnownFileType = sourcecode.c.h; path = "SGMenuNote-Bridging-Header.h"; sourceTree = "<group>"; };
		67C2B1241EDFCC810012289F /* SGMenuNoteViewController.xib */ = {isa = PBXFileReference; fileEncoding = 4; lastKnownFileType = file.xib; path = SGMenuNoteViewController.xib; sourceTree = "<group>"; };
		67C2B1251EDFCC810012289F /* SGMenuNoteViewController.swift */ = {isa = PBXFileReference; fileEncoding = 4; lastKnownFileType = sourcecode.swift; path = SGMenuNoteViewController.swift; sourceTree = "<group>"; };
		67C2B12A1EDFCC9D0012289F /* WAYTheDarkSide.h */ = {isa = PBXFileReference; fileEncoding = 4; lastKnownFileType = sourcecode.c.h; path = WAYTheDarkSide.h; sourceTree = "<group>"; };
		67C2B12B1EDFCC9D0012289F /* WAYTheDarkSide.m */ = {isa = PBXFileReference; fileEncoding = 4; lastKnownFileType = sourcecode.c.objc; path = WAYTheDarkSide.m; sourceTree = "<group>"; };
		67C2B12D1EDFCC9D0012289F /* JFHotkeyManager.h */ = {isa = PBXFileReference; fileEncoding = 4; lastKnownFileType = sourcecode.c.h; path = JFHotkeyManager.h; sourceTree = "<group>"; };
		67C2B12E1EDFCC9D0012289F /* JFHotkeyManager.m */ = {isa = PBXFileReference; fileEncoding = 4; lastKnownFileType = sourcecode.c.objc; path = JFHotkeyManager.m; sourceTree = "<group>"; };
/* End PBXFileReference section */

/* Begin PBXFrameworksBuildPhase section */
		6757E7011EDC102200B7B58A /* Frameworks */ = {
			isa = PBXFrameworksBuildPhase;
			buildActionMask = 2147483647;
			files = (
			);
			runOnlyForDeploymentPostprocessing = 0;
		};
/* End PBXFrameworksBuildPhase section */

/* Begin PBXGroup section */
		673AEB091EE00C56006B8FF8 /* Extensions */ = {
			isa = PBXGroup;
			children = (
				673AEB0A1EE00C78006B8FF8 /* SGExtensions.swift */,
			);
			path = Extensions;
			sourceTree = "<group>";
		};
		6757E6FB1EDC102200B7B58A = {
			isa = PBXGroup;
			children = (
				6757E7061EDC102200B7B58A /* SGMenuNote */,
				6757E7051EDC102200B7B58A /* Products */,
			);
			sourceTree = "<group>";
		};
		6757E7051EDC102200B7B58A /* Products */ = {
			isa = PBXGroup;
			children = (
				6757E7041EDC102200B7B58A /* SGMenuNote.app */,
			);
			name = Products;
			sourceTree = "<group>";
		};
		6757E7061EDC102200B7B58A /* SGMenuNote */ = {
			isa = PBXGroup;
			children = (
				6757E7071EDC102200B7B58A /* AppDelegate.swift */,
				673AEB091EE00C56006B8FF8 /* Extensions */,
				67C2B1281EDFCC870012289F /* Library */,
				67C2B1231EDFCC690012289F /* ViewControllers */,
				6757E70B1EDC102200B7B58A /* Assets.xcassets */,
				6757E70D1EDC102200B7B58A /* Main.storyboard */,
				6757E7101EDC102200B7B58A /* Info.plist */,
				677954051EDE8089008C7C30 /* SGMenuNote-Bridging-Header.h */,
			);
			path = SGMenuNote;
			sourceTree = "<group>";
		};
		67C2B1231EDFCC690012289F /* ViewControllers */ = {
			isa = PBXGroup;
			children = (
				67C2B1251EDFCC810012289F /* SGMenuNoteViewController.swift */,
				67C2B1241EDFCC810012289F /* SGMenuNoteViewController.xib */,
			);
			path = ViewControllers;
			sourceTree = "<group>";
		};
		67C2B1281EDFCC870012289F /* Library */ = {
			isa = PBXGroup;
			children = (
				67C2B1291EDFCC9D0012289F /* WAYTheDarkSide */,
				67C2B12C1EDFCC9D0012289F /* JFHotkeyManager */,
			);
			path = Library;
			sourceTree = "<group>";
		};
		67C2B1291EDFCC9D0012289F /* WAYTheDarkSide */ = {
			isa = PBXGroup;
			children = (
				67C2B12A1EDFCC9D0012289F /* WAYTheDarkSide.h */,
				67C2B12B1EDFCC9D0012289F /* WAYTheDarkSide.m */,
			);
			path = WAYTheDarkSide;
			sourceTree = "<group>";
		};
		67C2B12C1EDFCC9D0012289F /* JFHotkeyManager */ = {
			isa = PBXGroup;
			children = (
				67C2B12D1EDFCC9D0012289F /* JFHotkeyManager.h */,
				67C2B12E1EDFCC9D0012289F /* JFHotkeyManager.m */,
			);
			path = JFHotkeyManager;
			sourceTree = "<group>";
		};
/* End PBXGroup section */

/* Begin PBXNativeTarget section */
		6757E7031EDC102200B7B58A /* SGMenuNote */ = {
			isa = PBXNativeTarget;
			buildConfigurationList = 6757E7131EDC102200B7B58A /* Build configuration list for PBXNativeTarget "SGMenuNote" */;
			buildPhases = (
				6757E7001EDC102200B7B58A /* Sources */,
				6757E7011EDC102200B7B58A /* Frameworks */,
				6757E7021EDC102200B7B58A /* Resources */,
			);
			buildRules = (
			);
			dependencies = (
			);
			name = SGMenuNote;
			productName = SGMenuNote;
			productReference = 6757E7041EDC102200B7B58A /* SGMenuNote.app */;
			productType = "com.apple.product-type.application";
		};
/* End PBXNativeTarget section */

/* Begin PBXProject section */
		6757E6FC1EDC102200B7B58A /* Project object */ = {
			isa = PBXProject;
			attributes = {
				LastSwiftUpdateCheck = 0830;
				LastUpgradeCheck = 0830;
				ORGANIZATIONNAME = SGIOS;
				TargetAttributes = {
					6757E7031EDC102200B7B58A = {
						CreatedOnToolsVersion = 8.3;
						DevelopmentTeam = P4BDJKG9NM;
						LastSwiftMigration = 0830;
						ProvisioningStyle = Automatic;
					};
				};
			};
			buildConfigurationList = 6757E6FF1EDC102200B7B58A /* Build configuration list for PBXProject "SGMenuNote" */;
			compatibilityVersion = "Xcode 3.2";
			developmentRegion = English;
			hasScannedForEncodings = 0;
			knownRegions = (
				en,
				Base,
			);
			mainGroup = 6757E6FB1EDC102200B7B58A;
			productRefGroup = 6757E7051EDC102200B7B58A /* Products */;
			projectDirPath = "";
			projectRoot = "";
			targets = (
				6757E7031EDC102200B7B58A /* SGMenuNote */,
			);
		};
/* End PBXProject section */

/* Begin PBXResourcesBuildPhase section */
		6757E7021EDC102200B7B58A /* Resources */ = {
			isa = PBXResourcesBuildPhase;
			buildActionMask = 2147483647;
			files = (
				67C2B1261EDFCC810012289F /* SGMenuNoteViewController.xib in Resources */,
				6757E70C1EDC102200B7B58A /* Assets.xcassets in Resources */,
				6757E70F1EDC102200B7B58A /* Main.storyboard in Resources */,
			);
			runOnlyForDeploymentPostprocessing = 0;
		};
/* End PBXResourcesBuildPhase section */

/* Begin PBXSourcesBuildPhase section */
		6757E7001EDC102200B7B58A /* Sources */ = {
			isa = PBXSourcesBuildPhase;
			buildActionMask = 2147483647;
			files = (
				67C2B1271EDFCC810012289F /* SGMenuNoteViewController.swift in Sources */,
				67C2B12F1EDFCC9D0012289F /* WAYTheDarkSide.m in Sources */,
				673AEB0B1EE00C78006B8FF8 /* SGExtensions.swift in Sources */,
				6757E7081EDC102200B7B58A /* AppDelegate.swift in Sources */,
				67C2B1301EDFCC9D0012289F /* JFHotkeyManager.m in Sources */,
			);
			runOnlyForDeploymentPostprocessing = 0;
		};
/* End PBXSourcesBuildPhase section */

/* Begin PBXVariantGroup section */
		6757E70D1EDC102200B7B58A /* Main.storyboard */ = {
			isa = PBXVariantGroup;
			children = (
				6757E70E1EDC102200B7B58A /* Base */,
			);
			name = Main.storyboard;
			sourceTree = "<group>";
		};
/* End PBXVariantGroup section */

/* Begin XCBuildConfiguration section */
		6757E7111EDC102200B7B58A /* Debug */ = {
			isa = XCBuildConfiguration;
			buildSettings = {
				ALWAYS_SEARCH_USER_PATHS = NO;
				CLANG_ANALYZER_NONNULL = YES;
				CLANG_ANALYZER_NUMBER_OBJECT_CONVERSION = YES_AGGRESSIVE;
				CLANG_CXX_LANGUAGE_STANDARD = "gnu++0x";
				CLANG_CXX_LIBRARY = "libc++";
				CLANG_ENABLE_MODULES = YES;
				CLANG_ENABLE_OBJC_ARC = YES;
				CLANG_WARN_BOOL_CONVERSION = YES;
				CLANG_WARN_CONSTANT_CONVERSION = YES;
				CLANG_WARN_DIRECT_OBJC_ISA_USAGE = YES_ERROR;
				CLANG_WARN_DOCUMENTATION_COMMENTS = YES;
				CLANG_WARN_EMPTY_BODY = YES;
				CLANG_WARN_ENUM_CONVERSION = YES;
				CLANG_WARN_INFINITE_RECURSION = YES;
				CLANG_WARN_INT_CONVERSION = YES;
				CLANG_WARN_OBJC_ROOT_CLASS = YES_ERROR;
				CLANG_WARN_SUSPICIOUS_MOVE = YES;
				CLANG_WARN_UNREACHABLE_CODE = YES;
				CLANG_WARN__DUPLICATE_METHOD_MATCH = YES;
				CODE_SIGN_IDENTITY = "-";
				COPY_PHASE_STRIP = NO;
				DEBUG_INFORMATION_FORMAT = dwarf;
				ENABLE_STRICT_OBJC_MSGSEND = YES;
				ENABLE_TESTABILITY = YES;
				GCC_C_LANGUAGE_STANDARD = gnu99;
				GCC_DYNAMIC_NO_PIC = NO;
				GCC_NO_COMMON_BLOCKS = YES;
				GCC_OPTIMIZATION_LEVEL = 0;
				GCC_PREPROCESSOR_DEFINITIONS = (
					"DEBUG=1",
					"$(inherited)",
				);
				GCC_WARN_64_TO_32_BIT_CONVERSION = YES;
				GCC_WARN_ABOUT_RETURN_TYPE = YES_ERROR;
				GCC_WARN_UNDECLARED_SELECTOR = YES;
				GCC_WARN_UNINITIALIZED_AUTOS = YES_AGGRESSIVE;
				GCC_WARN_UNUSED_FUNCTION = YES;
				GCC_WARN_UNUSED_VARIABLE = YES;
				MACOSX_DEPLOYMENT_TARGET = 10.12;
				MTL_ENABLE_DEBUG_INFO = YES;
				ONLY_ACTIVE_ARCH = YES;
				SDKROOT = macosx;
				SWIFT_ACTIVE_COMPILATION_CONDITIONS = DEBUG;
				SWIFT_OPTIMIZATION_LEVEL = "-Onone";
			};
			name = Debug;
		};
		6757E7121EDC102200B7B58A /* Release */ = {
			isa = XCBuildConfiguration;
			buildSettings = {
				ALWAYS_SEARCH_USER_PATHS = NO;
				CLANG_ANALYZER_NONNULL = YES;
				CLANG_ANALYZER_NUMBER_OBJECT_CONVERSION = YES_AGGRESSIVE;
				CLANG_CXX_LANGUAGE_STANDARD = "gnu++0x";
				CLANG_CXX_LIBRARY = "libc++";
				CLANG_ENABLE_MODULES = YES;
				CLANG_ENABLE_OBJC_ARC = YES;
				CLANG_WARN_BOOL_CONVERSION = YES;
				CLANG_WARN_CONSTANT_CONVERSION = YES;
				CLANG_WARN_DIRECT_OBJC_ISA_USAGE = YES_ERROR;
				CLANG_WARN_DOCUMENTATION_COMMENTS = YES;
				CLANG_WARN_EMPTY_BODY = YES;
				CLANG_WARN_ENUM_CONVERSION = YES;
				CLANG_WARN_INFINITE_RECURSION = YES;
				CLANG_WARN_INT_CONVERSION = YES;
				CLANG_WARN_OBJC_ROOT_CLASS = YES_ERROR;
				CLANG_WARN_SUSPICIOUS_MOVE = YES;
				CLANG_WARN_UNREACHABLE_CODE = YES;
				CLANG_WARN__DUPLICATE_METHOD_MATCH = YES;
				CODE_SIGN_IDENTITY = "-";
				COPY_PHASE_STRIP = NO;
				DEBUG_INFORMATION_FORMAT = "dwarf-with-dsym";
				ENABLE_NS_ASSERTIONS = NO;
				ENABLE_STRICT_OBJC_MSGSEND = YES;
				GCC_C_LANGUAGE_STANDARD = gnu99;
				GCC_NO_COMMON_BLOCKS = YES;
				GCC_WARN_64_TO_32_BIT_CONVERSION = YES;
				GCC_WARN_ABOUT_RETURN_TYPE = YES_ERROR;
				GCC_WARN_UNDECLARED_SELECTOR = YES;
				GCC_WARN_UNINITIALIZED_AUTOS = YES_AGGRESSIVE;
				GCC_WARN_UNUSED_FUNCTION = YES;
				GCC_WARN_UNUSED_VARIABLE = YES;
				MACOSX_DEPLOYMENT_TARGET = 10.12;
				MTL_ENABLE_DEBUG_INFO = NO;
				SDKROOT = macosx;
				SWIFT_OPTIMIZATION_LEVEL = "-Owholemodule";
			};
			name = Release;
		};
		6757E7141EDC102200B7B58A /* Debug */ = {
			isa = XCBuildConfiguration;
			buildSettings = {
				ASSETCATALOG_COMPILER_APPICON_NAME = AppIcon;
				CLANG_ENABLE_MODULES = YES;
				COMBINE_HIDPI_IMAGES = YES;
				DEVELOPMENT_TEAM = P4BDJKG9NM;
				INFOPLIST_FILE = SGMenuNote/Info.plist;
				LD_RUNPATH_SEARCH_PATHS = "$(inherited) @executable_path/../Frameworks";
				PRODUCT_BUNDLE_IDENTIFIER = SGIOS.SGMenuNote;
				PRODUCT_NAME = "$(TARGET_NAME)";
				SWIFT_OBJC_BRIDGING_HEADER = "SGMenuNote/SGMenuNote-Bridging-Header.h";
				SWIFT_OPTIMIZATION_LEVEL = "-Onone";
				SWIFT_VERSION = 3.0;
			};
			name = Debug;
		};
		6757E7151EDC102200B7B58A /* Release */ = {
			isa = XCBuildConfiguration;
			buildSettings = {
				ASSETCATALOG_COMPILER_APPICON_NAME = AppIcon;
				CLANG_ENABLE_MODULES = YES;
				COMBINE_HIDPI_IMAGES = YES;
				DEVELOPMENT_TEAM = P4BDJKG9NM;
				INFOPLIST_FILE = SGMenuNote/Info.plist;
				LD_RUNPATH_SEARCH_PATHS = "$(inherited) @executable_path/../Frameworks";
				PRODUCT_BUNDLE_IDENTIFIER = SGIOS.SGMenuNote;
				PRODUCT_NAME = "$(TARGET_NAME)";
				SWIFT_OBJC_BRIDGING_HEADER = "SGMenuNote/SGMenuNote-Bridging-Header.h";
				SWIFT_VERSION = 3.0;
			};
			name = Release;
		};
/* End XCBuildConfiguration section */

/* Begin XCConfigurationList section */
		6757E6FF1EDC102200B7B58A /* Build configuration list for PBXProject "SGMenuNote" */ = {
			isa = XCConfigurationList;
			buildConfigurations = (
				6757E7111EDC102200B7B58A /* Debug */,
				6757E7121EDC102200B7B58A /* Release */,
			);
			defaultConfigurationIsVisible = 0;
			defaultConfigurationName = Release;
		};
		6757E7131EDC102200B7B58A /* Build configuration list for PBXNativeTarget "SGMenuNote" */ = {
			isa = XCConfigurationList;
			buildConfigurations = (
				6757E7141EDC102200B7B58A /* Debug */,
				6757E7151EDC102200B7B58A /* Release */,
			);
			defaultConfigurationIsVisible = 0;
			defaultConfigurationName = Release;
		};
/* End XCConfigurationList section */
	};
	rootObject = 6757E6FC1EDC102200B7B58A /* Project object */;
}
